
Microsoft Visual Studio Solution File, Format Version 12.00
# Visual Studio 15
VisualStudioVersion = 15.0.27703.2018
MinimumVisualStudioVersion = 10.0.40219.1
Project("{9A19103F-16F7-4668-BE54-9A1E7A4F7556}") = "AccountManager.Abstractions", "src\AccountManager.Abstractions\AccountManager.Abstractions.csproj", "{24F4A58D-84FA-4010-B3CE-68B982225865}"
EndProject
Project("{9A19103F-16F7-4668-BE54-9A1E7A4F7556}") = "AccountManager.Grains", "src\AccountManager.Grains\AccountManager.Grains.csproj", "{AD8E5C1F-922F-420C-94E1-FC99F0212D5F}"
EndProject
Project("{9A19103F-16F7-4668-BE54-9A1E7A4F7556}") = "AccountManager.SiloHost", "src\AccountManager.SiloHost\AccountManager.SiloHost.csproj", "{1EC73A2F-6C14-40E5-BBAF-4FD8C5051A68}"
EndProject
Project("{9A19103F-16F7-4668-BE54-9A1E7A4F7556}") = "AccountManager.Client", "src\AccountManager.Client\AccountManager.Client.csproj", "{4D8413CD-F9DA-4D3A-A7DC-4991F1489A64}"
EndProject
Global
	GlobalSection(SolutionConfigurationPlatforms) = preSolution
		Debug|Any CPU = Debug|Any CPU
		Release|Any CPU = Release|Any CPU
	EndGlobalSection
	GlobalSection(ProjectConfigurationPlatforms) = postSolution
		{24F4A58D-84FA-4010-B3CE-68B982225865}.Debug|Any CPU.ActiveCfg = Debug|Any CPU
		{24F4A58D-84FA-4010-B3CE-68B982225865}.Debug|Any CPU.Build.0 = Debug|Any CPU
		{24F4A58D-84FA-4010-B3CE-68B982225865}.Release|Any CPU.ActiveCfg = Release|Any CPU
		{24F4A58D-84FA-4010-B3CE-68B982225865}.Release|Any CPU.Build.0 = Release|Any CPU
		{AD8E5C1F-922F-420C-94E1-FC99F0212D5F}.Debug|Any CPU.ActiveCfg = Debug|Any CPU
		{AD8E5C1F-922F-420C-94E1-FC99F0212D5F}.Debug|Any CPU.Build.0 = Debug|Any CPU
		{AD8E5C1F-922F-420C-94E1-FC99F0212D5F}.Release|Any CPU.ActiveCfg = Release|Any CPU
		{AD8E5C1F-922F-420C-94E1-FC99F0212D5F}.Release|Any CPU.Build.0 = Release|Any CPU
		{1EC73A2F-6C14-40E5-BBAF-4FD8C5051A68}.Debug|Any CPU.ActiveCfg = Debug|Any CPU
		{1EC73A2F-6C14-40E5-BBAF-4FD8C5051A68}.Debug|Any CPU.Build.0 = Debug|Any CPU
		{1EC73A2F-6C14-40E5-BBAF-4FD8C5051A68}.Release|Any CPU.ActiveCfg = Release|Any CPU
		{1EC73A2F-6C14-40E5-BBAF-4FD8C5051A68}.Release|Any CPU.Build.0 = Release|Any CPU
		{4D8413CD-F9DA-4D3A-A7DC-4991F1489A64}.Debug|Any CPU.ActiveCfg = Debug|Any CPU
		{4D8413CD-F9DA-4D3A-A7DC-4991F1489A64}.Debug|Any CPU.Build.0 = Debug|Any CPU
		{4D8413CD-F9DA-4D3A-A7DC-4991F1489A64}.Release|Any CPU.ActiveCfg = Release|Any CPU
		{4D8413CD-F9DA-4D3A-A7DC-4991F1489A64}.Release|Any CPU.Build.0 = Release|Any CPU
	EndGlobalSection
	GlobalSection(SolutionProperties) = preSolution
		HideSolutionNode = FALSE
	EndGlobalSection
	GlobalSection(ExtensibilityGlobals) = postSolution
		SolutionGuid = {20821FF8-477B-4736-8EC2-80EF51BFC034}
	EndGlobalSection
EndGlobal
